
Microsoft Visual Studio Solution File, Format Version 12.00
# Visual Studio Version 16
VisualStudioVersion = 16.0.30002.166
MinimumVisualStudioVersion = 10.0.40219.1
Project("{9A19103F-16F7-4668-BE54-9A1E7A4F7556}") = "OpenTranslate", "OpenTranslate\OpenTranslate.csproj", "{1AC1ABB1-21A4-465D-BAE7-D4AFBB2FA94E}"
EndProject
Project("{9A19103F-16F7-4668-BE54-9A1E7A4F7556}") = "OpenTranslateApi", "OpenTranslateApi\OpenTranslateApi.csproj", "{181A3470-6098-4298-8BD4-EEDD88938FC1}"
EndProject
Global
	GlobalSection(SolutionConfigurationPlatforms) = preSolution
		Debug|Any CPU = Debug|Any CPU
		Release|Any CPU = Release|Any CPU
	EndGlobalSection
	GlobalSection(ProjectConfigurationPlatforms) = postSolution
		{1AC1ABB1-21A4-465D-BAE7-D4AFBB2FA94E}.Debug|Any CPU.ActiveCfg = Debug|Any CPU
		{1AC1ABB1-21A4-465D-BAE7-D4AFBB2FA94E}.Debug|Any CPU.Build.0 = Debug|Any CPU
		{1AC1ABB1-21A4-465D-BAE7-D4AFBB2FA94E}.Release|Any CPU.ActiveCfg = Release|Any CPU
		{1AC1ABB1-21A4-465D-BAE7-D4AFBB2FA94E}.Release|Any CPU.Build.0 = Release|Any CPU
		{181A3470-6098-4298-8BD4-EEDD88938FC1}.Debug|Any CPU.ActiveCfg = Debug|Any CPU
		{181A3470-6098-4298-8BD4-EEDD88938FC1}.Debug|Any CPU.Build.0 = Debug|Any CPU
		{181A3470-6098-4298-8BD4-EEDD88938FC1}.Release|Any CPU.ActiveCfg = Release|Any CPU
		{181A3470-6098-4298-8BD4-EEDD88938FC1}.Release|Any CPU.Build.0 = Release|Any CPU
	EndGlobalSection
	GlobalSection(SolutionProperties) = preSolution
		HideSolutionNode = FALSE
	EndGlobalSection
	GlobalSection(ExtensibilityGlobals) = postSolution
		SolutionGuid = {27FE97D9-B3CD-4435-9D33-82A61FE31501}
	EndGlobalSection
EndGlobal
